
Microsoft Visual Studio Solution File, Format Version 12.00
# Visual Studio Version 17
VisualStudioVersion = 17.2.32630.192
MinimumVisualStudioVersion = 10.0.40219.1
Project("{FAE04EC0-301F-11D3-BF4B-00C04F79EFBC}") = "CRUD3", "CRUD3\CRUD3.csproj", "{29904219-5EA0-4EB4-AE99-475F3E2EEEF4}"
EndProject
Global
	GlobalSection(SolutionConfigurationPlatforms) = preSolution
		Debug|Any CPU = Debug|Any CPU
		Release|Any CPU = Release|Any CPU
	EndGlobalSection
	GlobalSection(ProjectConfigurationPlatforms) = postSolution
		{29904219-5EA0-4EB4-AE99-475F3E2EEEF4}.Debug|Any CPU.ActiveCfg = Debug|Any CPU
		{29904219-5EA0-4EB4-AE99-475F3E2EEEF4}.Debug|Any CPU.Build.0 = Debug|Any CPU
		{29904219-5EA0-4EB4-AE99-475F3E2EEEF4}.Release|Any CPU.ActiveCfg = Release|Any CPU
		{29904219-5EA0-4EB4-AE99-475F3E2EEEF4}.Release|Any CPU.Build.0 = Release|Any CPU
	EndGlobalSection
	GlobalSection(SolutionProperties) = preSolution
		HideSolutionNode = FALSE
	EndGlobalSection
	GlobalSection(ExtensibilityGlobals) = postSolution
		SolutionGuid = {C752CBB9-5F78-407E-9E82-8ADF4BF733AD}
	EndGlobalSection
EndGlobal
